
Microsoft Visual Studio Solution File, Format Version 9.00
# Visual Studio 2005
Project("{FAE04EC0-301F-11D3-BF4B-00C04F79EFBC}") = "RoboticsDesign", "Picklock_Final_Rbot\RoboticsDesign.csproj", "{802776F6-EC88-4BB5-BEE6-1A665A18D24B}"
EndProject
Project("{2150E333-8FDC-42A3-9474-1A3956D46DE8}") = "Solution Items", "Solution Items", "{AA9E640B-21BD-4F49-9712-6521E6D8182E}"
	ProjectSection(SolutionItems) = preProject
		..\Piclock 2.17.1\PicLock.xml = ..\Piclock 2.17.1\PicLock.xml
		..\Piclock 2.17.1\PicLock2171.cs = ..\Piclock 2.17.1\PicLock2171.cs
	EndProjectSection
EndProject
Global
	GlobalSection(SolutionConfigurationPlatforms) = preSolution
		Debug|Any CPU = Debug|Any CPU
		Release|Any CPU = Release|Any CPU
	EndGlobalSection
	GlobalSection(ProjectConfigurationPlatforms) = postSolution
		{802776F6-EC88-4BB5-BEE6-1A665A18D24B}.Debug|Any CPU.ActiveCfg = Debug|Any CPU
		{802776F6-EC88-4BB5-BEE6-1A665A18D24B}.Debug|Any CPU.Build.0 = Debug|Any CPU
		{802776F6-EC88-4BB5-BEE6-1A665A18D24B}.Release|Any CPU.ActiveCfg = Release|Any CPU
		{802776F6-EC88-4BB5-BEE6-1A665A18D24B}.Release|Any CPU.Build.0 = Release|Any CPU
	EndGlobalSection
	GlobalSection(SolutionProperties) = preSolution
		HideSolutionNode = FALSE
	EndGlobalSection
EndGlobal
