
Microsoft Visual Studio Solution File, Format Version 9.00
# Visual C# Express 2005
Project("{FAE04EC0-301F-11D3-BF4B-00C04F79EFBC}") = "RoboticsDesign", "Picklock_Final_Rbot\RoboticsDesign.csproj", "{802776F6-EC88-4BB5-BEE6-1A665A18D24B}"
EndProject
Global
	GlobalSection(SolutionConfigurationPlatforms) = preSolution
		Debug|Any CPU = Debug|Any CPU
		Release|Any CPU = Release|Any CPU
	EndGlobalSection
	GlobalSection(ProjectConfigurationPlatforms) = postSolution
		{802776F6-EC88-4BB5-BEE6-1A665A18D24B}.Debug|Any CPU.ActiveCfg = Debug|Any CPU
		{802776F6-EC88-4BB5-BEE6-1A665A18D24B}.Debug|Any CPU.Build.0 = Debug|Any CPU
		{802776F6-EC88-4BB5-BEE6-1A665A18D24B}.Release|Any CPU.ActiveCfg = Release|Any CPU
		{802776F6-EC88-4BB5-BEE6-1A665A18D24B}.Release|Any CPU.Build.0 = Release|Any CPU
	EndGlobalSection
	GlobalSection(SolutionProperties) = preSolution
		HideSolutionNode = FALSE
	EndGlobalSection
EndGlobal
